// !$*UTF8*$!
{
	archiveVersion = 1;
	classes = {
	};
	objectVersion = 50;
	objects = {

/* Begin PBXBuildFile section */
		8602B68024A5001900C89A10 /* AppDelegate.swift in Sources */ = {isa = PBXBuildFile; fileRef = 8602B67F24A5001900C89A10 /* AppDelegate.swift */; };
		8602B68224A5001900C89A10 /* SceneDelegate.swift in Sources */ = {isa = PBXBuildFile; fileRef = 8602B68124A5001900C89A10 /* SceneDelegate.swift */; };
		8602B68424A5001900C89A10 /* ViewController.swift in Sources */ = {isa = PBXBuildFile; fileRef = 8602B68324A5001900C89A10 /* ViewController.swift */; };
		8602B68724A5001900C89A10 /* Main.storyboard in Resources */ = {isa = PBXBuildFile; fileRef = 8602B68524A5001900C89A10 /* Main.storyboard */; };
		8602B68A24A5001900C89A10 /* filterRestaurants.xcdatamodeld in Sources */ = {isa = PBXBuildFile; fileRef = 8602B68824A5001900C89A10 /* filterRestaurants.xcdatamodeld */; };
		8602B68C24A5001C00C89A10 /* Assets.xcassets in Resources */ = {isa = PBXBuildFile; fileRef = 8602B68B24A5001C00C89A10 /* Assets.xcassets */; };
		8602B68F24A5001C00C89A10 /* LaunchScreen.storyboard in Resources */ = {isa = PBXBuildFile; fileRef = 8602B68D24A5001C00C89A10 /* LaunchScreen.storyboard */; };
		8602B69A24A5001C00C89A10 /* filterRestaurantsTests.swift in Sources */ = {isa = PBXBuildFile; fileRef = 8602B69924A5001C00C89A10 /* filterRestaurantsTests.swift */; };
		8602B6A524A5001C00C89A10 /* filterRestaurantsUITests.swift in Sources */ = {isa = PBXBuildFile; fileRef = 8602B6A424A5001C00C89A10 /* filterRestaurantsUITests.swift */; };
		8602B6B324A5012F00C89A10 /* FilterOptionsViewController.swift in Sources */ = {isa = PBXBuildFile; fileRef = 8602B6B224A5012F00C89A10 /* FilterOptionsViewController.swift */; };
		8602B6B524A5025200C89A10 /* ResultsTableViewController.swift in Sources */ = {isa = PBXBuildFile; fileRef = 8602B6B424A5025200C89A10 /* ResultsTableViewController.swift */; };
		8602B6B724A503CE00C89A10 /* restaurantClass.swift in Sources */ = {isa = PBXBuildFile; fileRef = 8602B6B624A503CE00C89A10 /* restaurantClass.swift */; };
/* End PBXBuildFile section */

/* Begin PBXContainerItemProxy section */
		8602B69624A5001C00C89A10 /* PBXContainerItemProxy */ = {
			isa = PBXContainerItemProxy;
			containerPortal = 8602B67424A5001900C89A10 /* Project object */;
			proxyType = 1;
			remoteGlobalIDString = 8602B67B24A5001900C89A10;
			remoteInfo = filterRestaurants;
		};
		8602B6A124A5001C00C89A10 /* PBXContainerItemProxy */ = {
			isa = PBXContainerItemProxy;
			containerPortal = 8602B67424A5001900C89A10 /* Project object */;
			proxyType = 1;
			remoteGlobalIDString = 8602B67B24A5001900C89A10;
			remoteInfo = filterRestaurants;
		};
/* End PBXContainerItemProxy section */

/* Begin PBXFileReference section */
		8602B67C24A5001900C89A10 /* filterRestaurants.app */ = {isa = PBXFileReference; explicitFileType = wrapper.application; includeInIndex = 0; path = filterRestaurants.app; sourceTree = BUILT_PRODUCTS_DIR; };
		8602B67F24A5001900C89A10 /* AppDelegate.swift */ = {isa = PBXFileReference; lastKnownFileType = sourcecode.swift; path = AppDelegate.swift; sourceTree = "<group>"; };
		8602B68124A5001900C89A10 /* SceneDelegate.swift */ = {isa = PBXFileReference; lastKnownFileType = sourcecode.swift; path = SceneDelegate.swift; sourceTree = "<group>"; };
		8602B68324A5001900C89A10 /* ViewController.swift */ = {isa = PBXFileReference; lastKnownFileType = sourcecode.swift; path = ViewController.swift; sourceTree = "<group>"; };
		8602B68624A5001900C89A10 /* Base */ = {isa = PBXFileReference; lastKnownFileType = file.storyboard; name = Base; path = Base.lproj/Main.storyboard; sourceTree = "<group>"; };
		8602B68924A5001900C89A10 /* filterRestaurants.xcdatamodel */ = {isa = PBXFileReference; lastKnownFileType = wrapper.xcdatamodel; path = filterRestaurants.xcdatamodel; sourceTree = "<group>"; };
		8602B68B24A5001C00C89A10 /* Assets.xcassets */ = {isa = PBXFileReference; lastKnownFileType = folder.assetcatalog; path = Assets.xcassets; sourceTree = "<group>"; };
		8602B68E24A5001C00C89A10 /* Base */ = {isa = PBXFileReference; lastKnownFileType = file.storyboard; name = Base; path = Base.lproj/LaunchScreen.storyboard; sourceTree = "<group>"; };
		8602B69024A5001C00C89A10 /* Info.plist */ = {isa = PBXFileReference; lastKnownFileType = text.plist.xml; path = Info.plist; sourceTree = "<group>"; };
		8602B69524A5001C00C89A10 /* filterRestaurantsTests.xctest */ = {isa = PBXFileReference; explicitFileType = wrapper.cfbundle; includeInIndex = 0; path = filterRestaurantsTests.xctest; sourceTree = BUILT_PRODUCTS_DIR; };
		8602B69924A5001C00C89A10 /* filterRestaurantsTests.swift */ = {isa = PBXFileReference; lastKnownFileType = sourcecode.swift; path = filterRestaurantsTests.swift; sourceTree = "<group>"; };
		8602B69B24A5001C00C89A10 /* Info.plist */ = {isa = PBXFileReference; lastKnownFileType = text.plist.xml; path = Info.plist; sourceTree = "<group>"; };
		8602B6A024A5001C00C89A10 /* filterRestaurantsUITests.xctest */ = {isa = PBXFileReference; explicitFileType = wrapper.cfbundle; includeInIndex = 0; path = filterRestaurantsUITests.xctest; sourceTree = BUILT_PRODUCTS_DIR; };
		8602B6A424A5001C00C89A10 /* filterRestaurantsUITests.swift */ = {isa = PBXFileReference; lastKnownFileType = sourcecode.swift; path = filterRestaurantsUITests.swift; sourceTree = "<group>"; };
		8602B6A624A5001C00C89A10 /* Info.plist */ = {isa = PBXFileReference; lastKnownFileType = text.plist.xml; path = Info.plist; sourceTree = "<group>"; };
		8602B6B224A5012F00C89A10 /* FilterOptionsViewController.swift */ = {isa = PBXFileReference; lastKnownFileType = sourcecode.swift; path = FilterOptionsViewController.swift; sourceTree = "<group>"; };
		8602B6B424A5025200C89A10 /* ResultsTableViewController.swift */ = {isa = PBXFileReference; lastKnownFileType = sourcecode.swift; path = ResultsTableViewController.swift; sourceTree = "<group>"; };
		8602B6B624A503CE00C89A10 /* restaurantClass.swift */ = {isa = PBXFileReference; lastKnownFileType = sourcecode.swift; path = restaurantClass.swift; sourceTree = "<group>"; };
/* End PBXFileReference section */

/* Begin PBXFrameworksBuildPhase section */
		8602B67924A5001900C89A10 /* Frameworks */ = {
			isa = PBXFrameworksBuildPhase;
			buildActionMask = 2147483647;
			files = (
			);
			runOnlyForDeploymentPostprocessing = 0;
		};
		8602B69224A5001C00C89A10 /* Frameworks */ = {
			isa = PBXFrameworksBuildPhase;
			buildActionMask = 2147483647;
			files = (
			);
			runOnlyForDeploymentPostprocessing = 0;
		};
		8602B69D24A5001C00C89A10 /* Frameworks */ = {
			isa = PBXFrameworksBuildPhase;
			buildActionMask = 2147483647;
			files = (
			);
			runOnlyForDeploymentPostprocessing = 0;
		};
/* End PBXFrameworksBuildPhase section */

/* Begin PBXGroup section */
		8602B67324A5001900C89A10 = {
			isa = PBXGroup;
			children = (
				8602B67E24A5001900C89A10 /* filterRestaurants */,
				8602B69824A5001C00C89A10 /* filterRestaurantsTests */,
				8602B6A324A5001C00C89A10 /* filterRestaurantsUITests */,
				8602B67D24A5001900C89A10 /* Products */,
			);
			sourceTree = "<group>";
		};
		8602B67D24A5001900C89A10 /* Products */ = {
			isa = PBXGroup;
			children = (
				8602B67C24A5001900C89A10 /* filterRestaurants.app */,
				8602B69524A5001C00C89A10 /* filterRestaurantsTests.xctest */,
				8602B6A024A5001C00C89A10 /* filterRestaurantsUITests.xctest */,
			);
			name = Products;
			sourceTree = "<group>";
		};
		8602B67E24A5001900C89A10 /* filterRestaurants */ = {
			isa = PBXGroup;
			children = (
				8602B67F24A5001900C89A10 /* AppDelegate.swift */,
				8602B68124A5001900C89A10 /* SceneDelegate.swift */,
				8602B68324A5001900C89A10 /* ViewController.swift */,
				8602B68524A5001900C89A10 /* Main.storyboard */,
				8602B68B24A5001C00C89A10 /* Assets.xcassets */,
				8602B68D24A5001C00C89A10 /* LaunchScreen.storyboard */,
				8602B69024A5001C00C89A10 /* Info.plist */,
				8602B68824A5001900C89A10 /* filterRestaurants.xcdatamodeld */,
				8602B6B224A5012F00C89A10 /* FilterOptionsViewController.swift */,
				8602B6B424A5025200C89A10 /* ResultsTableViewController.swift */,
				8602B6B624A503CE00C89A10 /* restaurantClass.swift */,
			);
			path = filterRestaurants;
			sourceTree = "<group>";
		};
		8602B69824A5001C00C89A10 /* filterRestaurantsTests */ = {
			isa = PBXGroup;
			children = (
				8602B69924A5001C00C89A10 /* filterRestaurantsTests.swift */,
				8602B69B24A5001C00C89A10 /* Info.plist */,
			);
			path = filterRestaurantsTests;
			sourceTree = "<group>";
		};
		8602B6A324A5001C00C89A10 /* filterRestaurantsUITests */ = {
			isa = PBXGroup;
			children = (
				8602B6A424A5001C00C89A10 /* filterRestaurantsUITests.swift */,
				8602B6A624A5001C00C89A10 /* Info.plist */,
			);
			path = filterRestaurantsUITests;
			sourceTree = "<group>";
		};
/* End PBXGroup section */

/* Begin PBXNativeTarget section */
		8602B67B24A5001900C89A10 /* filterRestaurants */ = {
			isa = PBXNativeTarget;
			buildConfigurationList = 8602B6A924A5001C00C89A10 /* Build configuration list for PBXNativeTarget "filterRestaurants" */;
			buildPhases = (
				8602B67824A5001900C89A10 /* Sources */,
				8602B67924A5001900C89A10 /* Frameworks */,
				8602B67A24A5001900C89A10 /* Resources */,
			);
			buildRules = (
			);
			dependencies = (
			);
			name = filterRestaurants;
			productName = filterRestaurants;
			productReference = 8602B67C24A5001900C89A10 /* filterRestaurants.app */;
			productType = "com.apple.product-type.application";
		};
		8602B69424A5001C00C89A10 /* filterRestaurantsTests */ = {
			isa = PBXNativeTarget;
			buildConfigurationList = 8602B6AC24A5001C00C89A10 /* Build configuration list for PBXNativeTarget "filterRestaurantsTests" */;
			buildPhases = (
				8602B69124A5001C00C89A10 /* Sources */,
				8602B69224A5001C00C89A10 /* Frameworks */,
				8602B69324A5001C00C89A10 /* Resources */,
			);
			buildRules = (
			);
			dependencies = (
				8602B69724A5001C00C89A10 /* PBXTargetDependency */,
			);
			name = filterRestaurantsTests;
			productName = filterRestaurantsTests;
			productReference = 8602B69524A5001C00C89A10 /* filterRestaurantsTests.xctest */;
			productType = "com.apple.product-type.bundle.unit-test";
		};
		8602B69F24A5001C00C89A10 /* filterRestaurantsUITests */ = {
			isa = PBXNativeTarget;
			buildConfigurationList = 8602B6AF24A5001C00C89A10 /* Build configuration list for PBXNativeTarget "filterRestaurantsUITests" */;
			buildPhases = (
				8602B69C24A5001C00C89A10 /* Sources */,
				8602B69D24A5001C00C89A10 /* Frameworks */,
				8602B69E24A5001C00C89A10 /* Resources */,
			);
			buildRules = (
			);
			dependencies = (
				8602B6A224A5001C00C89A10 /* PBXTargetDependency */,
			);
			name = filterRestaurantsUITests;
			productName = filterRestaurantsUITests;
			productReference = 8602B6A024A5001C00C89A10 /* filterRestaurantsUITests.xctest */;
			productType = "com.apple.product-type.bundle.ui-testing";
		};
/* End PBXNativeTarget section */

/* Begin PBXProject section */
		8602B67424A5001900C89A10 /* Project object */ = {
			isa = PBXProject;
			attributes = {
				LastSwiftUpdateCheck = 1140;
				LastUpgradeCheck = 1140;
				ORGANIZATIONNAME = "Kaitlyn VanHook";
				TargetAttributes = {
					8602B67B24A5001900C89A10 = {
						CreatedOnToolsVersion = 11.4;
					};
					8602B69424A5001C00C89A10 = {
						CreatedOnToolsVersion = 11.4;
						TestTargetID = 8602B67B24A5001900C89A10;
					};
					8602B69F24A5001C00C89A10 = {
						CreatedOnToolsVersion = 11.4;
						TestTargetID = 8602B67B24A5001900C89A10;
					};
				};
			};
			buildConfigurationList = 8602B67724A5001900C89A10 /* Build configuration list for PBXProject "filterRestaurants" */;
			compatibilityVersion = "Xcode 9.3";
			developmentRegion = en;
			hasScannedForEncodings = 0;
			knownRegions = (
				en,
				Base,
			);
			mainGroup = 8602B67324A5001900C89A10;
			productRefGroup = 8602B67D24A5001900C89A10 /* Products */;
			projectDirPath = "";
			projectRoot = "";
			targets = (
				8602B67B24A5001900C89A10 /* filterRestaurants */,
				8602B69424A5001C00C89A10 /* filterRestaurantsTests */,
				8602B69F24A5001C00C89A10 /* filterRestaurantsUITests */,
			);
		};
/* End PBXProject section */

/* Begin PBXResourcesBuildPhase section */
		8602B67A24A5001900C89A10 /* Resources */ = {
			isa = PBXResourcesBuildPhase;
			buildActionMask = 2147483647;
			files = (
				8602B68F24A5001C00C89A10 /* LaunchScreen.storyboard in Resources */,
				8602B68C24A5001C00C89A10 /* Assets.xcassets in Resources */,
				8602B68724A5001900C89A10 /* Main.storyboard in Resources */,
			);
			runOnlyForDeploymentPostprocessing = 0;
		};
		8602B69324A5001C00C89A10 /* Resources */ = {
			isa = PBXResourcesBuildPhase;
			buildActionMask = 2147483647;
			files = (
			);
			runOnlyForDeploymentPostprocessing = 0;
		};
		8602B69E24A5001C00C89A10 /* Resources */ = {
			isa = PBXResourcesBuildPhase;
			buildActionMask = 2147483647;
			files = (
			);
			runOnlyForDeploymentPostprocessing = 0;
		};
/* End PBXResourcesBuildPhase section */

/* Begin PBXSourcesBuildPhase section */
		8602B67824A5001900C89A10 /* Sources */ = {
			isa = PBXSourcesBuildPhase;
			buildActionMask = 2147483647;
			files = (
				8602B6B524A5025200C89A10 /* ResultsTableViewController.swift in Sources */,
				8602B68A24A5001900C89A10 /* filterRestaurants.xcdatamodeld in Sources */,
				8602B6B324A5012F00C89A10 /* FilterOptionsViewController.swift in Sources */,
				8602B68424A5001900C89A10 /* ViewController.swift in Sources */,
				8602B68024A5001900C89A10 /* AppDelegate.swift in Sources */,
				8602B6B724A503CE00C89A10 /* restaurantClass.swift in Sources */,
				8602B68224A5001900C89A10 /* SceneDelegate.swift in Sources */,
			);
			runOnlyForDeploymentPostprocessing = 0;
		};
		8602B69124A5001C00C89A10 /* Sources */ = {
			isa = PBXSourcesBuildPhase;
			buildActionMask = 2147483647;
			files = (
				8602B69A24A5001C00C89A10 /* filterRestaurantsTests.swift in Sources */,
			);
			runOnlyForDeploymentPostprocessing = 0;
		};
		8602B69C24A5001C00C89A10 /* Sources */ = {
			isa = PBXSourcesBuildPhase;
			buildActionMask = 2147483647;
			files = (
				8602B6A524A5001C00C89A10 /* filterRestaurantsUITests.swift in Sources */,
			);
			runOnlyForDeploymentPostprocessing = 0;
		};
/* End PBXSourcesBuildPhase section */

/* Begin PBXTargetDependency section */
		8602B69724A5001C00C89A10 /* PBXTargetDependency */ = {
			isa = PBXTargetDependency;
			target = 8602B67B24A5001900C89A10 /* filterRestaurants */;
			targetProxy = 8602B69624A5001C00C89A10 /* PBXContainerItemProxy */;
		};
		8602B6A224A5001C00C89A10 /* PBXTargetDependency */ = {
			isa = PBXTargetDependency;
			target = 8602B67B24A5001900C89A10 /* filterRestaurants */;
			targetProxy = 8602B6A124A5001C00C89A10 /* PBXContainerItemProxy */;
		};
/* End PBXTargetDependency section */

/* Begin PBXVariantGroup section */
		8602B68524A5001900C89A10 /* Main.storyboard */ = {
			isa = PBXVariantGroup;
			children = (
				8602B68624A5001900C89A10 /* Base */,
			);
			name = Main.storyboard;
			sourceTree = "<group>";
		};
		8602B68D24A5001C00C89A10 /* LaunchScreen.storyboard */ = {
			isa = PBXVariantGroup;
			children = (
				8602B68E24A5001C00C89A10 /* Base */,
			);
			name = LaunchScreen.storyboard;
			sourceTree = "<group>";
		};
/* End PBXVariantGroup section */

/* Begin XCBuildConfiguration section */
		8602B6A724A5001C00C89A10 /* Debug */ = {
			isa = XCBuildConfiguration;
			buildSettings = {
				ALWAYS_SEARCH_USER_PATHS = NO;
				CLANG_ANALYZER_NONNULL = YES;
				CLANG_ANALYZER_NUMBER_OBJECT_CONVERSION = YES_AGGRESSIVE;
				CLANG_CXX_LANGUAGE_STANDARD = "gnu++14";
				CLANG_CXX_LIBRARY = "libc++";
				CLANG_ENABLE_MODULES = YES;
				CLANG_ENABLE_OBJC_ARC = YES;
				CLANG_ENABLE_OBJC_WEAK = YES;
				CLANG_WARN_BLOCK_CAPTURE_AUTORELEASING = YES;
				CLANG_WARN_BOOL_CONVERSION = YES;
				CLANG_WARN_COMMA = YES;
				CLANG_WARN_CONSTANT_CONVERSION = YES;
				CLANG_WARN_DEPRECATED_OBJC_IMPLEMENTATIONS = YES;
				CLANG_WARN_DIRECT_OBJC_ISA_USAGE = YES_ERROR;
				CLANG_WARN_DOCUMENTATION_COMMENTS = YES;
				CLANG_WARN_EMPTY_BODY = YES;
				CLANG_WARN_ENUM_CONVERSION = YES;
				CLANG_WARN_INFINITE_RECURSION = YES;
				CLANG_WARN_INT_CONVERSION = YES;
				CLANG_WARN_NON_LITERAL_NULL_CONVERSION = YES;
				CLANG_WARN_OBJC_IMPLICIT_RETAIN_SELF = YES;
				CLANG_WARN_OBJC_LITERAL_CONVERSION = YES;
				CLANG_WARN_OBJC_ROOT_CLASS = YES_ERROR;
				CLANG_WARN_RANGE_LOOP_ANALYSIS = YES;
				CLANG_WARN_STRICT_PROTOTYPES = YES;
				CLANG_WARN_SUSPICIOUS_MOVE = YES;
				CLANG_WARN_UNGUARDED_AVAILABILITY = YES_AGGRESSIVE;
				CLANG_WARN_UNREACHABLE_CODE = YES;
				CLANG_WARN__DUPLICATE_METHOD_MATCH = YES;
				COPY_PHASE_STRIP = NO;
				DEBUG_INFORMATION_FORMAT = dwarf;
				ENABLE_STRICT_OBJC_MSGSEND = YES;
				ENABLE_TESTABILITY = YES;
				GCC_C_LANGUAGE_STANDARD = gnu11;
				GCC_DYNAMIC_NO_PIC = NO;
				GCC_NO_COMMON_BLOCKS = YES;
				GCC_OPTIMIZATION_LEVEL = 0;
				GCC_PREPROCESSOR_DEFINITIONS = (
					"DEBUG=1",
					"$(inherited)",
				);
				GCC_WARN_64_TO_32_BIT_CONVERSION = YES;
				GCC_WARN_ABOUT_RETURN_TYPE = YES_ERROR;
				GCC_WARN_UNDECLARED_SELECTOR = YES;
				GCC_WARN_UNINITIALIZED_AUTOS = YES_AGGRESSIVE;
				GCC_WARN_UNUSED_FUNCTION = YES;
				GCC_WARN_UNUSED_VARIABLE = YES;
				IPHONEOS_DEPLOYMENT_TARGET = 13.4;
				MTL_ENABLE_DEBUG_INFO = INCLUDE_SOURCE;
				MTL_FAST_MATH = YES;
				ONLY_ACTIVE_ARCH = YES;
				SDKROOT = iphoneos;
				SWIFT_ACTIVE_COMPILATION_CONDITIONS = DEBUG;
				SWIFT_OPTIMIZATION_LEVEL = "-Onone";
			};
			name = Debug;
		};
		8602B6A824A5001C00C89A10 /* Release */ = {
			isa = XCBuildConfiguration;
			buildSettings = {
				ALWAYS_SEARCH_USER_PATHS = NO;
				CLANG_ANALYZER_NONNULL = YES;
				CLANG_ANALYZER_NUMBER_OBJECT_CONVERSION = YES_AGGRESSIVE;
				CLANG_CXX_LANGUAGE_STANDARD = "gnu++14";
				CLANG_CXX_LIBRARY = "libc++";
				CLANG_ENABLE_MODULES = YES;
				CLANG_ENABLE_OBJC_ARC = YES;
				CLANG_ENABLE_OBJC_WEAK = YES;
				CLANG_WARN_BLOCK_CAPTURE_AUTORELEASING = YES;
				CLANG_WARN_BOOL_CONVERSION = YES;
				CLANG_WARN_COMMA = YES;
				CLANG_WARN_CONSTANT_CONVERSION = YES;
				CLANG_WARN_DEPRECATED_OBJC_IMPLEMENTATIONS = YES;
				CLANG_WARN_DIRECT_OBJC_ISA_USAGE = YES_ERROR;
				CLANG_WARN_DOCUMENTATION_COMMENTS = YES;
				CLANG_WARN_EMPTY_BODY = YES;
				CLANG_WARN_ENUM_CONVERSION = YES;
				CLANG_WARN_INFINITE_RECURSION = YES;
				CLANG_WARN_INT_CONVERSION = YES;
				CLANG_WARN_NON_LITERAL_NULL_CONVERSION = YES;
				CLANG_WARN_OBJC_IMPLICIT_RETAIN_SELF = YES;
				CLANG_WARN_OBJC_LITERAL_CONVERSION = YES;
				CLANG_WARN_OBJC_ROOT_CLASS = YES_ERROR;
				CLANG_WARN_RANGE_LOOP_ANALYSIS = YES;
				CLANG_WARN_STRICT_PROTOTYPES = YES;
				CLANG_WARN_SUSPICIOUS_MOVE = YES;
				CLANG_WARN_UNGUARDED_AVAILABILITY = YES_AGGRESSIVE;
				CLANG_WARN_UNREACHABLE_CODE = YES;
				CLANG_WARN__DUPLICATE_METHOD_MATCH = YES;
				COPY_PHASE_STRIP = NO;
				DEBUG_INFORMATION_FORMAT = "dwarf-with-dsym";
				ENABLE_NS_ASSERTIONS = NO;
				ENABLE_STRICT_OBJC_MSGSEND = YES;
				GCC_C_LANGUAGE_STANDARD = gnu11;
				GCC_NO_COMMON_BLOCKS = YES;
				GCC_WARN_64_TO_32_BIT_CONVERSION = YES;
				GCC_WARN_ABOUT_RETURN_TYPE = YES_ERROR;
				GCC_WARN_UNDECLARED_SELECTOR = YES;
				GCC_WARN_UNINITIALIZED_AUTOS = YES_AGGRESSIVE;
				GCC_WARN_UNUSED_FUNCTION = YES;
				GCC_WARN_UNUSED_VARIABLE = YES;
				IPHONEOS_DEPLOYMENT_TARGET = 13.4;
				MTL_ENABLE_DEBUG_INFO = NO;
				MTL_FAST_MATH = YES;
				SDKROOT = iphoneos;
				SWIFT_COMPILATION_MODE = wholemodule;
				SWIFT_OPTIMIZATION_LEVEL = "-O";
				VALIDATE_PRODUCT = YES;
			};
			name = Release;
		};
		8602B6AA24A5001C00C89A10 /* Debug */ = {
			isa = XCBuildConfiguration;
			buildSettings = {
				ASSETCATALOG_COMPILER_APPICON_NAME = AppIcon;
				CODE_SIGN_STYLE = Automatic;
				INFOPLIST_FILE = filterRestaurants/Info.plist;
				LD_RUNPATH_SEARCH_PATHS = (
					"$(inherited)",
					"@executable_path/Frameworks",
				);
				PRODUCT_BUNDLE_IDENTIFIER = KVH.filterRestaurants;
				PRODUCT_NAME = "$(TARGET_NAME)";
				SWIFT_VERSION = 5.0;
				TARGETED_DEVICE_FAMILY = "1,2";
			};
			name = Debug;
		};
		8602B6AB24A5001C00C89A10 /* Release */ = {
			isa = XCBuildConfiguration;
			buildSettings = {
				ASSETCATALOG_COMPILER_APPICON_NAME = AppIcon;
				CODE_SIGN_STYLE = Automatic;
				INFOPLIST_FILE = filterRestaurants/Info.plist;
				LD_RUNPATH_SEARCH_PATHS = (
					"$(inherited)",
					"@executable_path/Frameworks",
				);
				PRODUCT_BUNDLE_IDENTIFIER = KVH.filterRestaurants;
				PRODUCT_NAME = "$(TARGET_NAME)";
				SWIFT_VERSION = 5.0;
				TARGETED_DEVICE_FAMILY = "1,2";
			};
			name = Release;
		};
		8602B6AD24A5001C00C89A10 /* Debug */ = {
			isa = XCBuildConfiguration;
			buildSettings = {
				ALWAYS_EMBED_SWIFT_STANDARD_LIBRARIES = YES;
				BUNDLE_LOADER = "$(TEST_HOST)";
				CODE_SIGN_STYLE = Automatic;
				INFOPLIST_FILE = filterRestaurantsTests/Info.plist;
				IPHONEOS_DEPLOYMENT_TARGET = 13.4;
				LD_RUNPATH_SEARCH_PATHS = (
					"$(inherited)",
					"@executable_path/Frameworks",
					"@loader_path/Frameworks",
				);
				PRODUCT_BUNDLE_IDENTIFIER = KVH.filterRestaurantsTests;
				PRODUCT_NAME = "$(TARGET_NAME)";
				SWIFT_VERSION = 5.0;
				TARGETED_DEVICE_FAMILY = "1,2";
				TEST_HOST = "$(BUILT_PRODUCTS_DIR)/filterRestaurants.app/filterRestaurants";
			};
			name = Debug;
		};
		8602B6AE24A5001C00C89A10 /* Release */ = {
			isa = XCBuildConfiguration;
			buildSettings = {
				ALWAYS_EMBED_SWIFT_STANDARD_LIBRARIES = YES;
				BUNDLE_LOADER = "$(TEST_HOST)";
				CODE_SIGN_STYLE = Automatic;
				INFOPLIST_FILE = filterRestaurantsTests/Info.plist;
				IPHONEOS_DEPLOYMENT_TARGET = 13.4;
				LD_RUNPATH_SEARCH_PATHS = (
					"$(inherited)",
					"@executable_path/Frameworks",
					"@loader_path/Frameworks",
				);
				PRODUCT_BUNDLE_IDENTIFIER = KVH.filterRestaurantsTests;
				PRODUCT_NAME = "$(TARGET_NAME)";
				SWIFT_VERSION = 5.0;
				TARGETED_DEVICE_FAMILY = "1,2";
				TEST_HOST = "$(BUILT_PRODUCTS_DIR)/filterRestaurants.app/filterRestaurants";
			};
			name = Release;
		};
		8602B6B024A5001C00C89A10 /* Debug */ = {
			isa = XCBuildConfiguration;
			buildSettings = {
				ALWAYS_EMBED_SWIFT_STANDARD_LIBRARIES = YES;
				CODE_SIGN_STYLE = Automatic;
				INFOPLIST_FILE = filterRestaurantsUITests/Info.plist;
				LD_RUNPATH_SEARCH_PATHS = (
					"$(inherited)",
					"@executable_path/Frameworks",
					"@loader_path/Frameworks",
				);
				PRODUCT_BUNDLE_IDENTIFIER = KVH.filterRestaurantsUITests;
				PRODUCT_NAME = "$(TARGET_NAME)";
				SWIFT_VERSION = 5.0;
				TARGETED_DEVICE_FAMILY = "1,2";
				TEST_TARGET_NAME = filterRestaurants;
			};
			name = Debug;
		};
		8602B6B124A5001C00C89A10 /* Release */ = {
			isa = XCBuildConfiguration;
			buildSettings = {
				ALWAYS_EMBED_SWIFT_STANDARD_LIBRARIES = YES;
				CODE_SIGN_STYLE = Automatic;
				INFOPLIST_FILE = filterRestaurantsUITests/Info.plist;
				LD_RUNPATH_SEARCH_PATHS = (
					"$(inherited)",
					"@executable_path/Frameworks",
					"@loader_path/Frameworks",
				);
				PRODUCT_BUNDLE_IDENTIFIER = KVH.filterRestaurantsUITests;
				PRODUCT_NAME = "$(TARGET_NAME)";
				SWIFT_VERSION = 5.0;
				TARGETED_DEVICE_FAMILY = "1,2";
				TEST_TARGET_NAME = filterRestaurants;
			};
			name = Release;
		};
/* End XCBuildConfiguration section */

/* Begin XCConfigurationList section */
		8602B67724A5001900C89A10 /* Build configuration list for PBXProject "filterRestaurants" */ = {
			isa = XCConfigurationList;
			buildConfigurations = (
				8602B6A724A5001C00C89A10 /* Debug */,
				8602B6A824A5001C00C89A10 /* Release */,
			);
			defaultConfigurationIsVisible = 0;
			defaultConfigurationName = Release;
		};
		8602B6A924A5001C00C89A10 /* Build configuration list for PBXNativeTarget "filterRestaurants" */ = {
			isa = XCConfigurationList;
			buildConfigurations = (
				8602B6AA24A5001C00C89A10 /* Debug */,
				8602B6AB24A5001C00C89A10 /* Release */,
			);
			defaultConfigurationIsVisible = 0;
			defaultConfigurationName = Release;
		};
		8602B6AC24A5001C00C89A10 /* Build configuration list for PBXNativeTarget "filterRestaurantsTests" */ = {
			isa = XCConfigurationList;
			buildConfigurations = (
				8602B6AD24A5001C00C89A10 /* Debug */,
				8602B6AE24A5001C00C89A10 /* Release */,
			);
			defaultConfigurationIsVisible = 0;
			defaultConfigurationName = Release;
		};
		8602B6AF24A5001C00C89A10 /* Build configuration list for PBXNativeTarget "filterRestaurantsUITests" */ = {
			isa = XCConfigurationList;
			buildConfigurations = (
				8602B6B024A5001C00C89A10 /* Debug */,
				8602B6B124A5001C00C89A10 /* Release */,
			);
			defaultConfigurationIsVisible = 0;
			defaultConfigurationName = Release;
		};
/* End XCConfigurationList section */

/* Begin XCVersionGroup section */
		8602B68824A5001900C89A10 /* filterRestaurants.xcdatamodeld */ = {
			isa = XCVersionGroup;
			children = (
				8602B68924A5001900C89A10 /* filterRestaurants.xcdatamodel */,
			);
			currentVersion = 8602B68924A5001900C89A10 /* filterRestaurants.xcdatamodel */;
			path = filterRestaurants.xcdatamodeld;
			sourceTree = "<group>";
			versionGroupType = wrapper.xcdatamodel;
		};
/* End XCVersionGroup section */
	};
	rootObject = 8602B67424A5001900C89A10 /* Project object */;
}
